
Microsoft Visual Studio Solution File, Format Version 12.00
# Visual Studio 15
VisualStudioVersion = 15.0.27428.2005
MinimumVisualStudioVersion = 10.0.40219.1
Project("{8BC9CEB8-8B4A-11D0-8D11-00A0C91BC942}") = "PixivBot", "PixivBot\PixivBot.vcxproj", "{B61B6975-7BF2-4039-8B8D-2A37E4946AFA}"
EndProject
Project("{2150E333-8FDC-42A3-9474-1A3956D46DE8}") = "Solution Items", "Solution Items", "{FFDA9515-D23B-4CEB-B1A5-5F428F40DFA5}"
	ProjectSection(SolutionItems) = preProject
		.gitattributes = .gitattributes
		.gitignore = .gitignore
		readme.txt = readme.txt
	EndProjectSection
EndProject
Global
	GlobalSection(SolutionConfigurationPlatforms) = preSolution
		Debug|x64 = Debug|x64
		Debug|x86 = Debug|x86
		Release|x64 = Release|x64
		Release|x86 = Release|x86
	EndGlobalSection
	GlobalSection(ProjectConfigurationPlatforms) = postSolution
		{B61B6975-7BF2-4039-8B8D-2A37E4946AFA}.Debug|x64.ActiveCfg = Debug|x64
		{B61B6975-7BF2-4039-8B8D-2A37E4946AFA}.Debug|x64.Build.0 = Debug|x64
		{B61B6975-7BF2-4039-8B8D-2A37E4946AFA}.Debug|x86.ActiveCfg = Debug|Win32
		{B61B6975-7BF2-4039-8B8D-2A37E4946AFA}.Debug|x86.Build.0 = Debug|Win32
		{B61B6975-7BF2-4039-8B8D-2A37E4946AFA}.Release|x64.ActiveCfg = Release|x64
		{B61B6975-7BF2-4039-8B8D-2A37E4946AFA}.Release|x64.Build.0 = Release|x64
		{B61B6975-7BF2-4039-8B8D-2A37E4946AFA}.Release|x86.ActiveCfg = Release|Win32
		{B61B6975-7BF2-4039-8B8D-2A37E4946AFA}.Release|x86.Build.0 = Release|Win32
	EndGlobalSection
	GlobalSection(SolutionProperties) = preSolution
		HideSolutionNode = FALSE
	EndGlobalSection
	GlobalSection(ExtensibilityGlobals) = postSolution
		SolutionGuid = {B2D648AE-BB55-4418-9DF5-78333D8FEB80}
	EndGlobalSection
EndGlobal
