<?xml version="1.0" encoding="utf-8"?>
<Project ToolsVersion="4.0" xmlns="http://schemas.microsoft.com/developer/msbuild/2003">
  <ItemGroup>
    <Filter Include="Source Files">
      <UniqueIdentifier>{4FC737F1-C7A5-4376-A066-2A32D752A2FF}</UniqueIdentifier>
      <Extensions>cpp;c;cc;cxx;def;odl;idl;hpj;bat;asm;asmx</Extensions>
    </Filter>
    <Filter Include="Header Files">
      <UniqueIdentifier>{93995380-89BD-4b04-88EB-625FBE52EBFB}</UniqueIdentifier>
      <Extensions>h;hh;hpp;hxx;hm;inl;inc;xsd</Extensions>
    </Filter>
    <Filter Include="Resource Files">
      <UniqueIdentifier>{67DA6AB6-F800-4c08-8B7A-83BB121AAD01}</UniqueIdentifier>
      <Extensions>rc;ico;cur;bmp;dlg;rc2;rct;bin;rgs;gif;jpg;jpeg;jpe;resx;tiff;tif;png;wav;mfcribbon-ms</Extensions>
    </Filter>
    <Filter Include="Auxiliary">
      <UniqueIdentifier>{e58ff9dc-5a5f-409e-9236-0af6874b7b8e}</UniqueIdentifier>
    </Filter>
    <Filter Include="Configuration">
      <UniqueIdentifier>{ceb691b5-b851-4671-933e-133878274727}</UniqueIdentifier>
    </Filter>
    <Filter Include="Configuration\gilgameshofuruk">
      <UniqueIdentifier>{a588115a-3d9b-4495-9a64-f54bc8ff848e}</UniqueIdentifier>
    </Filter>
    <Filter Include="Configuration\fontetheorigin">
      <UniqueIdentifier>{5f26c81d-3351-4782-93d5-84fc77d65b7c}</UniqueIdentifier>
    </Filter>
  </ItemGroup>
  <ItemGroup>
    <ClInclude Include="BuildID.h">
      <Filter>Resource Files</Filter>
    </ClInclude>
    <ClInclude Include="resource.h">
      <Filter>Resource Files</Filter>
    </ClInclude>
    <ClInclude Include="ImageManager.h">
      <Filter>Header Files</Filter>
    </ClInclude>
    <ClInclude Include="ImageWnd.h">
      <Filter>Header Files</Filter>
    </ClInclude>
    <ClInclude Include="Main.h">
      <Filter>Header Files</Filter>
    </ClInclude>
    <ClInclude Include="RequestManager.h">
      <Filter>Header Files</Filter>
    </ClInclude>
    <ClInclude Include="Settings.h">
      <Filter>Header Files</Filter>
    </ClInclude>
    <ClInclude Include="Start.h">
      <Filter>Header Files</Filter>
    </ClInclude>
  </ItemGroup>
  <ItemGroup>
    <None Include="BuildIDInc.bat">
      <Filter>Resource Files</Filter>
    </None>
    <None Include="Configuration\config.ini">
      <Filter>Configuration</Filter>
    </None>
    <None Include="Configuration\StartImages.ini">
      <Filter>Configuration</Filter>
    </None>
    <None Include="Configuration\gilgameshofuruk\config.ini">
      <Filter>Configuration\gilgameshofuruk</Filter>
    </None>
    <None Include="Configuration\StartImages_Large.ini">
      <Filter>Configuration</Filter>
    </None>
    <None Include="Configuration\fontetheorigin\config.ini">
      <Filter>Configuration\fontetheorigin</Filter>
    </None>
  </ItemGroup>
  <ItemGroup>
    <ResourceCompile Include="resource.rc">
      <Filter>Resource Files</Filter>
    </ResourceCompile>
  </ItemGroup>
  <ItemGroup>
    <ClCompile Include="ImageManager.cpp">
      <Filter>Source Files</Filter>
    </ClCompile>
    <ClCompile Include="ImageWnd.cpp">
      <Filter>Source Files</Filter>
    </ClCompile>
    <ClCompile Include="Main.cpp">
      <Filter>Source Files</Filter>
    </ClCompile>
    <ClCompile Include="RequestManager.cpp">
      <Filter>Source Files</Filter>
    </ClCompile>
    <ClCompile Include="Settings.cpp">
      <Filter>Source Files</Filter>
    </ClCompile>
    <ClCompile Include="Start.cpp">
      <Filter>Source Files</Filter>
    </ClCompile>
  </ItemGroup>
  <ItemGroup>
    <Image Include="prog_icon.ico">
      <Filter>Resource Files</Filter>
    </Image>
  </ItemGroup>
  <ItemGroup>
    <Text Include="Auxiliary\PixivBotErrors.log">
      <Filter>Auxiliary</Filter>
    </Text>
    <Text Include="Auxiliary\PixivBotMemoryLeaks.log">
      <Filter>Auxiliary</Filter>
    </Text>
    <Text Include="Auxiliary\PixivBot.log">
      <Filter>Auxiliary</Filter>
    </Text>
  </ItemGroup>
</Project>